
Microsoft Visual Studio Solution File, Format Version 12.00
# Visual Studio Version 17
VisualStudioVersion = 17.2.32602.215
MinimumVisualStudioVersion = 10.0.40219.1
Project("{9A19103F-16F7-4668-BE54-9A1E7A4F7556}") = "PizzaStore", "PizzaStore.csproj", "{A1382A97-B7B8-4BDC-8DAB-70391717D1D1}"
EndProject
Global
	GlobalSection(SolutionConfigurationPlatforms) = preSolution
		Debug|Any CPU = Debug|Any CPU
		Release|Any CPU = Release|Any CPU
	EndGlobalSection
	GlobalSection(ProjectConfigurationPlatforms) = postSolution
		{A1382A97-B7B8-4BDC-8DAB-70391717D1D1}.Debug|Any CPU.ActiveCfg = Debug|Any CPU
		{A1382A97-B7B8-4BDC-8DAB-70391717D1D1}.Debug|Any CPU.Build.0 = Debug|Any CPU
		{A1382A97-B7B8-4BDC-8DAB-70391717D1D1}.Release|Any CPU.ActiveCfg = Release|Any CPU
		{A1382A97-B7B8-4BDC-8DAB-70391717D1D1}.Release|Any CPU.Build.0 = Release|Any CPU
	EndGlobalSection
	GlobalSection(SolutionProperties) = preSolution
		HideSolutionNode = FALSE
	EndGlobalSection
	GlobalSection(ExtensibilityGlobals) = postSolution
		SolutionGuid = {79AA4396-B271-4152-9ACB-A3AF8A5C7942}
	EndGlobalSection
EndGlobal
